{
  "meteor": {
    "git": "https://github.com/meteor/meteor.git",
    "branch": "master",
    "commit": "2d8b41a87cec884489ead138b5dfea31487363f3"
  },
  "dependencies": {
    "basePackages": {
      "bootstrap-updated": {},
      "router": {},
      "bootboxjs": {},
      "versioning": {}
    },
    "packages": {
      "bootstrap-updated": {
        "git": "https://github.com/Charuru/bootstrap-updated.git",
        "tag": "v1.0.1",
        "commit": "bdd5fcc8e134e62bcbb9d11aad8270534ffb6493"
      },
      "router": {
        "git": "https://github.com/tmeasday/meteor-router.git",
        "tag": "v0.4.2",
        "commit": "82d2895847502b4025370523dba60d597cff4772"
      },
      "bootboxjs": {
        "git": "https://github.com/TimHeckel/meteor-bootboxjs.git",
        "tag": "v0.1.0",
        "commit": "155b6c23506baf95c571568d28f2e5c8f526b9d0"
      },
      "versioning": {
        "git": "https://github.com/jerico-dev/meteor-versioning.git",
        "tag": "v0.4.8",
        "commit": "234f6639b7f1c2f6709fcd65df05f2ed2668022c"
      },
      "page-js-ie-support": {
        "git": "https://github.com/tmeasday/meteor-page-js-ie-support.git",
        "tag": "v1.3.5",
        "commit": "b99ed8380aefd10b2afc8f18d9eed4dd0d8ea9cb"
      },
      "i18n": {
        "git": "https://github.com/jerico-dev/meteor-i18n.git",
        "tag": "v0.0.9",
        "commit": "2cd6c72107a0d4afde57fb765ce9d57ad8ba43e2"
      },
      "logger": {
        "git": "https://github.com/jerico-dev/meteor-logger.git",
        "tag": "v0.1.2",
        "commit": "8811ff33e4787d7c564e030ff3afaa3d7c4981fc"
      }
    }
  }
}
